
Microsoft Visual Studio Solution File, Format Version 12.00
# Visual Studio Version 17
VisualStudioVersion = 17.9.34723.18
MinimumVisualStudioVersion = 10.0.40219.1
Project("{9A19103F-16F7-4668-BE54-9A1E7A4F7556}") = "DataBase", "DataBase\DataBase.csproj", "{5BBDEEA0-01E6-4364-BBA0-B1B96002AB6A}"
EndProject
Project("{9A19103F-16F7-4668-BE54-9A1E7A4F7556}") = "ConsoleStudentCatalogWork", "ConsoleStudentCatalogWork\ConsoleStudentCatalogWork.csproj", "{9A94887B-78A7-4450-A25D-1B90726B2CE3}"
EndProject
Project("{FAE04EC0-301F-11D3-BF4B-00C04F79EFBC}") = "WinFormsStudentCatalogWork", "WinFormsStudentCatalogWork\WinFormsStudentCatalogWork.csproj", "{5D3F6548-7EF1-48E5-9653-7757C7D4F2F4}"
EndProject
Global
	GlobalSection(SolutionConfigurationPlatforms) = preSolution
		Debug|Any CPU = Debug|Any CPU
		Release|Any CPU = Release|Any CPU
	EndGlobalSection
	GlobalSection(ProjectConfigurationPlatforms) = postSolution
		{5BBDEEA0-01E6-4364-BBA0-B1B96002AB6A}.Debug|Any CPU.ActiveCfg = Debug|Any CPU
		{5BBDEEA0-01E6-4364-BBA0-B1B96002AB6A}.Debug|Any CPU.Build.0 = Debug|Any CPU
		{5BBDEEA0-01E6-4364-BBA0-B1B96002AB6A}.Release|Any CPU.ActiveCfg = Release|Any CPU
		{5BBDEEA0-01E6-4364-BBA0-B1B96002AB6A}.Release|Any CPU.Build.0 = Release|Any CPU
		{9A94887B-78A7-4450-A25D-1B90726B2CE3}.Debug|Any CPU.ActiveCfg = Debug|Any CPU
		{9A94887B-78A7-4450-A25D-1B90726B2CE3}.Debug|Any CPU.Build.0 = Debug|Any CPU
		{9A94887B-78A7-4450-A25D-1B90726B2CE3}.Release|Any CPU.ActiveCfg = Release|Any CPU
		{9A94887B-78A7-4450-A25D-1B90726B2CE3}.Release|Any CPU.Build.0 = Release|Any CPU
		{5D3F6548-7EF1-48E5-9653-7757C7D4F2F4}.Debug|Any CPU.ActiveCfg = Debug|Any CPU
		{5D3F6548-7EF1-48E5-9653-7757C7D4F2F4}.Debug|Any CPU.Build.0 = Debug|Any CPU
		{5D3F6548-7EF1-48E5-9653-7757C7D4F2F4}.Release|Any CPU.ActiveCfg = Release|Any CPU
		{5D3F6548-7EF1-48E5-9653-7757C7D4F2F4}.Release|Any CPU.Build.0 = Release|Any CPU
	EndGlobalSection
	GlobalSection(SolutionProperties) = preSolution
		HideSolutionNode = FALSE
	EndGlobalSection
	GlobalSection(ExtensibilityGlobals) = postSolution
		SolutionGuid = {9098765F-1474-4BCF-B9BD-FD1D033BDBDB}
	EndGlobalSection
EndGlobal
